// !$*UTF8*$!
{
	archiveVersion = 1;
	classes = {
	};
	objectVersion = 50;
	objects = {

/* Begin PBXBuildFile section */
		18C65179E666CA0344B6A837 /* Pods_BitcoinViewerUITests.framework in Frameworks */ = {isa = PBXBuildFile; fileRef = 149BD4008A6779D67C69F473 /* Pods_BitcoinViewerUITests.framework */; };
		2450716D1E27F3235CE7E65F /* Pods_BitcoinViewer_WatchKit_Extension.framework in Frameworks */ = {isa = PBXBuildFile; fileRef = 7CE222600B4FD730E6B7BF94 /* Pods_BitcoinViewer_WatchKit_Extension.framework */; };
		371341AA4BF4DDC475E60428 /* Pods_BitcoinViewer_WatchKit_App.framework in Frameworks */ = {isa = PBXBuildFile; fileRef = B022DE4124AB03BB1636C4EB /* Pods_BitcoinViewer_WatchKit_App.framework */; };
		42442F632146AE20000B604C /* CoinDeskResponse.swift in Sources */ = {isa = PBXBuildFile; fileRef = 42442F622146AE20000B604C /* CoinDeskResponse.swift */; };
		42442F652146AED6000B604C /* BitcoinPrice.swift in Sources */ = {isa = PBXBuildFile; fileRef = 42442F642146AED6000B604C /* BitcoinPrice.swift */; };
		42442F682146AF75000B604C /* CoinDeskApiProvider.swift in Sources */ = {isa = PBXBuildFile; fileRef = 42442F672146AF75000B604C /* CoinDeskApiProvider.swift */; };
		42442F6B2146B618000B604C /* Date+Extension.swift in Sources */ = {isa = PBXBuildFile; fileRef = 42442F6A2146B618000B604C /* Date+Extension.swift */; };
		42442F6E2146B984000B604C /* ListBitcoinPricesViewController.swift in Sources */ = {isa = PBXBuildFile; fileRef = 42442F6D2146B984000B604C /* ListBitcoinPricesViewController.swift */; };
		42442F752146BA76000B604C /* ListBitcoinPricesViewModel.swift in Sources */ = {isa = PBXBuildFile; fileRef = 42442F742146BA76000B604C /* ListBitcoinPricesViewModel.swift */; };
		42442F792146BB1B000B604C /* ViewModelType.swift in Sources */ = {isa = PBXBuildFile; fileRef = 42442F782146BB1B000B604C /* ViewModelType.swift */; };
		42442F7B2146C10A000B604C /* BitcoinPriceTableViewCell.swift in Sources */ = {isa = PBXBuildFile; fileRef = 42442F7A2146C10A000B604C /* BitcoinPriceTableViewCell.swift */; };
		42442F7D2146C207000B604C /* BitcoinPriceTableViewCell.xib in Resources */ = {isa = PBXBuildFile; fileRef = 42442F7C2146C207000B604C /* BitcoinPriceTableViewCell.xib */; };
		42442F7E2147126D000B604C /* ListBitcoinPricesViewModel.swift in Sources */ = {isa = PBXBuildFile; fileRef = 42442F742146BA76000B604C /* ListBitcoinPricesViewModel.swift */; };
		42442F7F2147140B000B604C /* BitcoinService.swift in Sources */ = {isa = PBXBuildFile; fileRef = EF775A3C21469ACB004A04D3 /* BitcoinService.swift */; };
		42442F8021471413000B604C /* CoinDeskApiProvider.swift in Sources */ = {isa = PBXBuildFile; fileRef = 42442F672146AF75000B604C /* CoinDeskApiProvider.swift */; };
		42442F8121471441000B604C /* ViewModelType.swift in Sources */ = {isa = PBXBuildFile; fileRef = 42442F782146BB1B000B604C /* ViewModelType.swift */; };
		42442F822147144D000B604C /* BitcoinPrice.swift in Sources */ = {isa = PBXBuildFile; fileRef = 42442F642146AED6000B604C /* BitcoinPrice.swift */; };
		42442F832147147E000B604C /* CoinDeskResponse.swift in Sources */ = {isa = PBXBuildFile; fileRef = 42442F622146AE20000B604C /* CoinDeskResponse.swift */; };
		42442F842147148D000B604C /* Date+Extension.swift in Sources */ = {isa = PBXBuildFile; fileRef = 42442F6A2146B618000B604C /* Date+Extension.swift */; };
		42442F8621471BC2000B604C /* DatabaseProvider.swift in Sources */ = {isa = PBXBuildFile; fileRef = 42442F8521471BC2000B604C /* DatabaseProvider.swift */; };
		42442F8921471E83000B604C /* DatabaseProvider.swift in Sources */ = {isa = PBXBuildFile; fileRef = 42442F8521471BC2000B604C /* DatabaseProvider.swift */; };
		42442F8B21471F6C000B604C /* Encondable+Extension.swift in Sources */ = {isa = PBXBuildFile; fileRef = 42442F8A21471F6C000B604C /* Encondable+Extension.swift */; };
		42442F8C21471F76000B604C /* Encondable+Extension.swift in Sources */ = {isa = PBXBuildFile; fileRef = 42442F8A21471F6C000B604C /* Encondable+Extension.swift */; };
		42442F8F2147236C000B604C /* RealTimeResponse.swift in Sources */ = {isa = PBXBuildFile; fileRef = 42442F8E2147236C000B604C /* RealTimeResponse.swift */; };
		42442F9121472374000B604C /* RealTimeResponse.swift in Sources */ = {isa = PBXBuildFile; fileRef = 42442F8E2147236C000B604C /* RealTimeResponse.swift */; };
		42442F9321472AD0000B604C /* RealTimeHeaderView.swift in Sources */ = {isa = PBXBuildFile; fileRef = 42442F9221472AD0000B604C /* RealTimeHeaderView.swift */; };
		42442F9521472ADA000B604C /* RealTimeHeaderView.xib in Resources */ = {isa = PBXBuildFile; fileRef = 42442F9421472ADA000B604C /* RealTimeHeaderView.xib */; };
		5339E636ED2CBCFC29DE70CC /* Pods_BitcoinViewer.framework in Frameworks */ = {isa = PBXBuildFile; fileRef = 1BFE5ACBE877CA727274C0B8 /* Pods_BitcoinViewer.framework */; };
		5CB6750A0C797E35AFFBC27C /* Pods_BitcoinViewerTests.framework in Frameworks */ = {isa = PBXBuildFile; fileRef = 1EF6E1B9AB5370740B8CCCDD /* Pods_BitcoinViewerTests.framework */; };
		EF55C6B021468A8700E44F8F /* AppDelegate.swift in Sources */ = {isa = PBXBuildFile; fileRef = EF55C6AF21468A8600E44F8F /* AppDelegate.swift */; };
		EF55C6B521468A8700E44F8F /* Main.storyboard in Resources */ = {isa = PBXBuildFile; fileRef = EF55C6B321468A8700E44F8F /* Main.storyboard */; };
		EF55C6B721468A8B00E44F8F /* Assets.xcassets in Resources */ = {isa = PBXBuildFile; fileRef = EF55C6B621468A8B00E44F8F /* Assets.xcassets */; };
		EF55C6BA21468A8B00E44F8F /* LaunchScreen.storyboard in Resources */ = {isa = PBXBuildFile; fileRef = EF55C6B821468A8B00E44F8F /* LaunchScreen.storyboard */; };
		EF55C6C521468A8B00E44F8F /* BitcoinViewerTests.swift in Sources */ = {isa = PBXBuildFile; fileRef = EF55C6C421468A8B00E44F8F /* BitcoinViewerTests.swift */; };
		EF55C6D021468A8B00E44F8F /* BitcoinViewerUITests.swift in Sources */ = {isa = PBXBuildFile; fileRef = EF55C6CF21468A8B00E44F8F /* BitcoinViewerUITests.swift */; };
		EF55C6D521468A8B00E44F8F /* BitcoinViewer WatchKit App.app in Embed Watch Content */ = {isa = PBXBuildFile; fileRef = EF55C6D421468A8B00E44F8F /* BitcoinViewer WatchKit App.app */; };
		EF55C6DB21468A8B00E44F8F /* Interface.storyboard in Resources */ = {isa = PBXBuildFile; fileRef = EF55C6D921468A8B00E44F8F /* Interface.storyboard */; };
		EF55C6DD21468A8C00E44F8F /* Assets.xcassets in Resources */ = {isa = PBXBuildFile; fileRef = EF55C6DC21468A8C00E44F8F /* Assets.xcassets */; };
		EF55C6E421468A8C00E44F8F /* BitcoinViewer WatchKit Extension.appex in Embed App Extensions */ = {isa = PBXBuildFile; fileRef = EF55C6E321468A8C00E44F8F /* BitcoinViewer WatchKit Extension.appex */; settings = {ATTRIBUTES = (RemoveHeadersOnCopy, ); }; };
		EF55C6E921468A8D00E44F8F /* InterfaceController.swift in Sources */ = {isa = PBXBuildFile; fileRef = EF55C6E821468A8D00E44F8F /* InterfaceController.swift */; };
		EF55C6EB21468A8D00E44F8F /* ExtensionDelegate.swift in Sources */ = {isa = PBXBuildFile; fileRef = EF55C6EA21468A8D00E44F8F /* ExtensionDelegate.swift */; };
		EF55C6ED21468A8D00E44F8F /* NotificationController.swift in Sources */ = {isa = PBXBuildFile; fileRef = EF55C6EC21468A8D00E44F8F /* NotificationController.swift */; };
		EF55C6EF21468A8D00E44F8F /* Assets.xcassets in Resources */ = {isa = PBXBuildFile; fileRef = EF55C6EE21468A8D00E44F8F /* Assets.xcassets */; };
		EF55C70621468B9E00E44F8F /* RowController.swift in Sources */ = {isa = PBXBuildFile; fileRef = EF55C70521468B9E00E44F8F /* RowController.swift */; };
		EF775A3D21469ACB004A04D3 /* BitcoinService.swift in Sources */ = {isa = PBXBuildFile; fileRef = EF775A3C21469ACB004A04D3 /* BitcoinService.swift */; };
/* End PBXBuildFile section */

/* Begin PBXContainerItemProxy section */
		EF55C6C121468A8B00E44F8F /* PBXContainerItemProxy */ = {
			isa = PBXContainerItemProxy;
			containerPortal = EF55C6A421468A8600E44F8F /* Project object */;
			proxyType = 1;
			remoteGlobalIDString = EF55C6AB21468A8600E44F8F;
			remoteInfo = BitcoinViewer;
		};
		EF55C6CC21468A8B00E44F8F /* PBXContainerItemProxy */ = {
			isa = PBXContainerItemProxy;
			containerPortal = EF55C6A421468A8600E44F8F /* Project object */;
			proxyType = 1;
			remoteGlobalIDString = EF55C6AB21468A8600E44F8F;
			remoteInfo = BitcoinViewer;
		};
		EF55C6D621468A8B00E44F8F /* PBXContainerItemProxy */ = {
			isa = PBXContainerItemProxy;
			containerPortal = EF55C6A421468A8600E44F8F /* Project object */;
			proxyType = 1;
			remoteGlobalIDString = EF55C6D321468A8B00E44F8F;
			remoteInfo = "BitcoinViewer WatchKit App";
		};
		EF55C6E521468A8C00E44F8F /* PBXContainerItemProxy */ = {
			isa = PBXContainerItemProxy;
			containerPortal = EF55C6A421468A8600E44F8F /* Project object */;
			proxyType = 1;
			remoteGlobalIDString = EF55C6E221468A8C00E44F8F;
			remoteInfo = "BitcoinViewer WatchKit Extension";
		};
/* End PBXContainerItemProxy section */

/* Begin PBXCopyFilesBuildPhase section */
		EF55C6F721468A8D00E44F8F /* Embed App Extensions */ = {
			isa = PBXCopyFilesBuildPhase;
			buildActionMask = 2147483647;
			dstPath = "";
			dstSubfolderSpec = 13;
			files = (
				EF55C6E421468A8C00E44F8F /* BitcoinViewer WatchKit Extension.appex in Embed App Extensions */,
			);
			name = "Embed App Extensions";
			runOnlyForDeploymentPostprocessing = 0;
		};
		EF55C6FB21468A8D00E44F8F /* Embed Watch Content */ = {
			isa = PBXCopyFilesBuildPhase;
			buildActionMask = 2147483647;
			dstPath = "$(CONTENTS_FOLDER_PATH)/Watch";
			dstSubfolderSpec = 16;
			files = (
				EF55C6D521468A8B00E44F8F /* BitcoinViewer WatchKit App.app in Embed Watch Content */,
			);
			name = "Embed Watch Content";
			runOnlyForDeploymentPostprocessing = 0;
		};
/* End PBXCopyFilesBuildPhase section */

/* Begin PBXFileReference section */
		08304BAC24612EB1311B6336 /* Pods-BitcoinViewer.release.xcconfig */ = {isa = PBXFileReference; includeInIndex = 1; lastKnownFileType = text.xcconfig; name = "Pods-BitcoinViewer.release.xcconfig"; path = "Pods/Target Support Files/Pods-BitcoinViewer/Pods-BitcoinViewer.release.xcconfig"; sourceTree = "<group>"; };
		149BD4008A6779D67C69F473 /* Pods_BitcoinViewerUITests.framework */ = {isa = PBXFileReference; explicitFileType = wrapper.framework; includeInIndex = 0; path = Pods_BitcoinViewerUITests.framework; sourceTree = BUILT_PRODUCTS_DIR; };
		17B834CDF4250EE2C2AED4B3 /* Pods-BitcoinViewerTests.debug.xcconfig */ = {isa = PBXFileReference; includeInIndex = 1; lastKnownFileType = text.xcconfig; name = "Pods-BitcoinViewerTests.debug.xcconfig"; path = "Pods/Target Support Files/Pods-BitcoinViewerTests/Pods-BitcoinViewerTests.debug.xcconfig"; sourceTree = "<group>"; };
		1BFE5ACBE877CA727274C0B8 /* Pods_BitcoinViewer.framework */ = {isa = PBXFileReference; explicitFileType = wrapper.framework; includeInIndex = 0; path = Pods_BitcoinViewer.framework; sourceTree = BUILT_PRODUCTS_DIR; };
		1EF6E1B9AB5370740B8CCCDD /* Pods_BitcoinViewerTests.framework */ = {isa = PBXFileReference; explicitFileType = wrapper.framework; includeInIndex = 0; path = Pods_BitcoinViewerTests.framework; sourceTree = BUILT_PRODUCTS_DIR; };
		2421F265953B4FFD47E8395B /* Pods-BitcoinViewerUITests.debug.xcconfig */ = {isa = PBXFileReference; includeInIndex = 1; lastKnownFileType = text.xcconfig; name = "Pods-BitcoinViewerUITests.debug.xcconfig"; path = "Pods/Target Support Files/Pods-BitcoinViewerUITests/Pods-BitcoinViewerUITests.debug.xcconfig"; sourceTree = "<group>"; };
		42442F622146AE20000B604C /* CoinDeskResponse.swift */ = {isa = PBXFileReference; lastKnownFileType = sourcecode.swift; path = CoinDeskResponse.swift; sourceTree = "<group>"; };
		42442F642146AED6000B604C /* BitcoinPrice.swift */ = {isa = PBXFileReference; lastKnownFileType = sourcecode.swift; path = BitcoinPrice.swift; sourceTree = "<group>"; };
		42442F672146AF75000B604C /* CoinDeskApiProvider.swift */ = {isa = PBXFileReference; lastKnownFileType = sourcecode.swift; path = CoinDeskApiProvider.swift; sourceTree = "<group>"; };
		42442F6A2146B618000B604C /* Date+Extension.swift */ = {isa = PBXFileReference; lastKnownFileType = sourcecode.swift; path = "Date+Extension.swift"; sourceTree = "<group>"; };
		42442F6D2146B984000B604C /* ListBitcoinPricesViewController.swift */ = {isa = PBXFileReference; lastKnownFileType = sourcecode.swift; path = ListBitcoinPricesViewController.swift; sourceTree = "<group>"; };
		42442F742146BA76000B604C /* ListBitcoinPricesViewModel.swift */ = {isa = PBXFileReference; lastKnownFileType = sourcecode.swift; path = ListBitcoinPricesViewModel.swift; sourceTree = "<group>"; };
		42442F782146BB1B000B604C /* ViewModelType.swift */ = {isa = PBXFileReference; lastKnownFileType = sourcecode.swift; path = ViewModelType.swift; sourceTree = "<group>"; };
		42442F7A2146C10A000B604C /* BitcoinPriceTableViewCell.swift */ = {isa = PBXFileReference; lastKnownFileType = sourcecode.swift; path = BitcoinPriceTableViewCell.swift; sourceTree = "<group>"; };
		42442F7C2146C207000B604C /* BitcoinPriceTableViewCell.xib */ = {isa = PBXFileReference; lastKnownFileType = file.xib; path = BitcoinPriceTableViewCell.xib; sourceTree = "<group>"; };
		42442F8521471BC2000B604C /* DatabaseProvider.swift */ = {isa = PBXFileReference; lastKnownFileType = sourcecode.swift; path = DatabaseProvider.swift; sourceTree = "<group>"; };
		42442F8A21471F6C000B604C /* Encondable+Extension.swift */ = {isa = PBXFileReference; lastKnownFileType = sourcecode.swift; path = "Encondable+Extension.swift"; sourceTree = "<group>"; };
		42442F8E2147236C000B604C /* RealTimeResponse.swift */ = {isa = PBXFileReference; lastKnownFileType = sourcecode.swift; path = RealTimeResponse.swift; sourceTree = "<group>"; };
		42442F9221472AD0000B604C /* RealTimeHeaderView.swift */ = {isa = PBXFileReference; lastKnownFileType = sourcecode.swift; path = RealTimeHeaderView.swift; sourceTree = "<group>"; };
		42442F9421472ADA000B604C /* RealTimeHeaderView.xib */ = {isa = PBXFileReference; lastKnownFileType = file.xib; path = RealTimeHeaderView.xib; sourceTree = "<group>"; };
		5907085891B77B99E4A2773D /* Pods-BitcoinViewer WatchKit Extension.debug.xcconfig */ = {isa = PBXFileReference; includeInIndex = 1; lastKnownFileType = text.xcconfig; name = "Pods-BitcoinViewer WatchKit Extension.debug.xcconfig"; path = "Pods/Target Support Files/Pods-BitcoinViewer WatchKit Extension/Pods-BitcoinViewer WatchKit Extension.debug.xcconfig"; sourceTree = "<group>"; };
		73D30B87374DDBC0905A4D1D /* Pods-BitcoinViewer.debug.xcconfig */ = {isa = PBXFileReference; includeInIndex = 1; lastKnownFileType = text.xcconfig; name = "Pods-BitcoinViewer.debug.xcconfig"; path = "Pods/Target Support Files/Pods-BitcoinViewer/Pods-BitcoinViewer.debug.xcconfig"; sourceTree = "<group>"; };
		7CE222600B4FD730E6B7BF94 /* Pods_BitcoinViewer_WatchKit_Extension.framework */ = {isa = PBXFileReference; explicitFileType = wrapper.framework; includeInIndex = 0; path = Pods_BitcoinViewer_WatchKit_Extension.framework; sourceTree = BUILT_PRODUCTS_DIR; };
		9EEA6C28FCC5EC85397A5DE9 /* Pods-BitcoinViewerTests.release.xcconfig */ = {isa = PBXFileReference; includeInIndex = 1; lastKnownFileType = text.xcconfig; name = "Pods-BitcoinViewerTests.release.xcconfig"; path = "Pods/Target Support Files/Pods-BitcoinViewerTests/Pods-BitcoinViewerTests.release.xcconfig"; sourceTree = "<group>"; };
		B022DE4124AB03BB1636C4EB /* Pods_BitcoinViewer_WatchKit_App.framework */ = {isa = PBXFileReference; explicitFileType = wrapper.framework; includeInIndex = 0; path = Pods_BitcoinViewer_WatchKit_App.framework; sourceTree = BUILT_PRODUCTS_DIR; };
		BC42237F1F591D788A596E71 /* Pods-BitcoinViewer WatchKit App.release.xcconfig */ = {isa = PBXFileReference; includeInIndex = 1; lastKnownFileType = text.xcconfig; name = "Pods-BitcoinViewer WatchKit App.release.xcconfig"; path = "Pods/Target Support Files/Pods-BitcoinViewer WatchKit App/Pods-BitcoinViewer WatchKit App.release.xcconfig"; sourceTree = "<group>"; };
		CC7DF3160AD2BB34AE532EF7 /* Pods-BitcoinViewerUITests.release.xcconfig */ = {isa = PBXFileReference; includeInIndex = 1; lastKnownFileType = text.xcconfig; name = "Pods-BitcoinViewerUITests.release.xcconfig"; path = "Pods/Target Support Files/Pods-BitcoinViewerUITests/Pods-BitcoinViewerUITests.release.xcconfig"; sourceTree = "<group>"; };
		E4361B6640D6504B7F5775C1 /* Pods-BitcoinViewer WatchKit Extension.release.xcconfig */ = {isa = PBXFileReference; includeInIndex = 1; lastKnownFileType = text.xcconfig; name = "Pods-BitcoinViewer WatchKit Extension.release.xcconfig"; path = "Pods/Target Support Files/Pods-BitcoinViewer WatchKit Extension/Pods-BitcoinViewer WatchKit Extension.release.xcconfig"; sourceTree = "<group>"; };
		EF55C6AC21468A8600E44F8F /* BitcoinViewer.app */ = {isa = PBXFileReference; explicitFileType = wrapper.application; includeInIndex = 0; path = BitcoinViewer.app; sourceTree = BUILT_PRODUCTS_DIR; };
		EF55C6AF21468A8600E44F8F /* AppDelegate.swift */ = {isa = PBXFileReference; lastKnownFileType = sourcecode.swift; path = AppDelegate.swift; sourceTree = "<group>"; };
		EF55C6B421468A8700E44F8F /* Base */ = {isa = PBXFileReference; lastKnownFileType = file.storyboard; name = Base; path = Base.lproj/Main.storyboard; sourceTree = "<group>"; };
		EF55C6B621468A8B00E44F8F /* Assets.xcassets */ = {isa = PBXFileReference; lastKnownFileType = folder.assetcatalog; path = Assets.xcassets; sourceTree = "<group>"; };
		EF55C6B921468A8B00E44F8F /* Base */ = {isa = PBXFileReference; lastKnownFileType = file.storyboard; name = Base; path = Base.lproj/LaunchScreen.storyboard; sourceTree = "<group>"; };
		EF55C6BB21468A8B00E44F8F /* Info.plist */ = {isa = PBXFileReference; lastKnownFileType = text.plist.xml; path = Info.plist; sourceTree = "<group>"; };
		EF55C6C021468A8B00E44F8F /* BitcoinViewerTests.xctest */ = {isa = PBXFileReference; explicitFileType = wrapper.cfbundle; includeInIndex = 0; path = BitcoinViewerTests.xctest; sourceTree = BUILT_PRODUCTS_DIR; };
		EF55C6C421468A8B00E44F8F /* BitcoinViewerTests.swift */ = {isa = PBXFileReference; lastKnownFileType = sourcecode.swift; path = BitcoinViewerTests.swift; sourceTree = "<group>"; };
		EF55C6C621468A8B00E44F8F /* Info.plist */ = {isa = PBXFileReference; lastKnownFileType = text.plist.xml; path = Info.plist; sourceTree = "<group>"; };
		EF55C6CB21468A8B00E44F8F /* BitcoinViewerUITests.xctest */ = {isa = PBXFileReference; explicitFileType = wrapper.cfbundle; includeInIndex = 0; path = BitcoinViewerUITests.xctest; sourceTree = BUILT_PRODUCTS_DIR; };
		EF55C6CF21468A8B00E44F8F /* BitcoinViewerUITests.swift */ = {isa = PBXFileReference; lastKnownFileType = sourcecode.swift; path = BitcoinViewerUITests.swift; sourceTree = "<group>"; };
		EF55C6D121468A8B00E44F8F /* Info.plist */ = {isa = PBXFileReference; lastKnownFileType = text.plist.xml; path = Info.plist; sourceTree = "<group>"; };
		EF55C6D421468A8B00E44F8F /* BitcoinViewer WatchKit App.app */ = {isa = PBXFileReference; explicitFileType = wrapper.application; includeInIndex = 0; path = "BitcoinViewer WatchKit App.app"; sourceTree = BUILT_PRODUCTS_DIR; };
		EF55C6DA21468A8B00E44F8F /* Base */ = {isa = PBXFileReference; lastKnownFileType = file.storyboard; name = Base; path = Base.lproj/Interface.storyboard; sourceTree = "<group>"; };
		EF55C6DC21468A8C00E44F8F /* Assets.xcassets */ = {isa = PBXFileReference; lastKnownFileType = folder.assetcatalog; path = Assets.xcassets; sourceTree = "<group>"; };
		EF55C6DE21468A8C00E44F8F /* Info.plist */ = {isa = PBXFileReference; lastKnownFileType = text.plist.xml; path = Info.plist; sourceTree = "<group>"; };
		EF55C6E321468A8C00E44F8F /* BitcoinViewer WatchKit Extension.appex */ = {isa = PBXFileReference; explicitFileType = "wrapper.app-extension"; includeInIndex = 0; path = "BitcoinViewer WatchKit Extension.appex"; sourceTree = BUILT_PRODUCTS_DIR; };
		EF55C6E821468A8D00E44F8F /* InterfaceController.swift */ = {isa = PBXFileReference; lastKnownFileType = sourcecode.swift; path = InterfaceController.swift; sourceTree = "<group>"; };
		EF55C6EA21468A8D00E44F8F /* ExtensionDelegate.swift */ = {isa = PBXFileReference; lastKnownFileType = sourcecode.swift; path = ExtensionDelegate.swift; sourceTree = "<group>"; };
		EF55C6EC21468A8D00E44F8F /* NotificationController.swift */ = {isa = PBXFileReference; lastKnownFileType = sourcecode.swift; path = NotificationController.swift; sourceTree = "<group>"; };
		EF55C6EE21468A8D00E44F8F /* Assets.xcassets */ = {isa = PBXFileReference; lastKnownFileType = folder.assetcatalog; path = Assets.xcassets; sourceTree = "<group>"; };
		EF55C6F021468A8D00E44F8F /* Info.plist */ = {isa = PBXFileReference; lastKnownFileType = text.plist.xml; path = Info.plist; sourceTree = "<group>"; };
		EF55C6F121468A8D00E44F8F /* PushNotificationPayload.apns */ = {isa = PBXFileReference; lastKnownFileType = text; path = PushNotificationPayload.apns; sourceTree = "<group>"; };
		EF55C70521468B9E00E44F8F /* RowController.swift */ = {isa = PBXFileReference; lastKnownFileType = sourcecode.swift; path = RowController.swift; sourceTree = "<group>"; };
		EF775A3C21469ACB004A04D3 /* BitcoinService.swift */ = {isa = PBXFileReference; lastKnownFileType = sourcecode.swift; path = BitcoinService.swift; sourceTree = "<group>"; };
		FB6CA95FC97DD3600B994906 /* Pods-BitcoinViewer WatchKit App.debug.xcconfig */ = {isa = PBXFileReference; includeInIndex = 1; lastKnownFileType = text.xcconfig; name = "Pods-BitcoinViewer WatchKit App.debug.xcconfig"; path = "Pods/Target Support Files/Pods-BitcoinViewer WatchKit App/Pods-BitcoinViewer WatchKit App.debug.xcconfig"; sourceTree = "<group>"; };
/* End PBXFileReference section */

/* Begin PBXFrameworksBuildPhase section */
		00B4402AB52C8169B39525C3 /* Frameworks */ = {
			isa = PBXFrameworksBuildPhase;
			buildActionMask = 2147483647;
			files = (
				371341AA4BF4DDC475E60428 /* Pods_BitcoinViewer_WatchKit_App.framework in Frameworks */,
			);
			runOnlyForDeploymentPostprocessing = 0;
		};
		EF55C6A921468A8600E44F8F /* Frameworks */ = {
			isa = PBXFrameworksBuildPhase;
			buildActionMask = 2147483647;
			files = (
				5339E636ED2CBCFC29DE70CC /* Pods_BitcoinViewer.framework in Frameworks */,
			);
			runOnlyForDeploymentPostprocessing = 0;
		};
		EF55C6BD21468A8B00E44F8F /* Frameworks */ = {
			isa = PBXFrameworksBuildPhase;
			buildActionMask = 2147483647;
			files = (
				5CB6750A0C797E35AFFBC27C /* Pods_BitcoinViewerTests.framework in Frameworks */,
			);
			runOnlyForDeploymentPostprocessing = 0;
		};
		EF55C6C821468A8B00E44F8F /* Frameworks */ = {
			isa = PBXFrameworksBuildPhase;
			buildActionMask = 2147483647;
			files = (
				18C65179E666CA0344B6A837 /* Pods_BitcoinViewerUITests.framework in Frameworks */,
			);
			runOnlyForDeploymentPostprocessing = 0;
		};
		EF55C6E021468A8C00E44F8F /* Frameworks */ = {
			isa = PBXFrameworksBuildPhase;
			buildActionMask = 2147483647;
			files = (
				2450716D1E27F3235CE7E65F /* Pods_BitcoinViewer_WatchKit_Extension.framework in Frameworks */,
			);
			runOnlyForDeploymentPostprocessing = 0;
		};
/* End PBXFrameworksBuildPhase section */

/* Begin PBXGroup section */
		00E03998C3A0804D8FF3B520 /* Frameworks */ = {
			isa = PBXGroup;
			children = (
				1BFE5ACBE877CA727274C0B8 /* Pods_BitcoinViewer.framework */,
				B022DE4124AB03BB1636C4EB /* Pods_BitcoinViewer_WatchKit_App.framework */,
				7CE222600B4FD730E6B7BF94 /* Pods_BitcoinViewer_WatchKit_Extension.framework */,
				1EF6E1B9AB5370740B8CCCDD /* Pods_BitcoinViewerTests.framework */,
				149BD4008A6779D67C69F473 /* Pods_BitcoinViewerUITests.framework */,
			);
			name = Frameworks;
			sourceTree = "<group>";
		};
		37CD597975C0587C23ACC1A5 /* Pods */ = {
			isa = PBXGroup;
			children = (
				73D30B87374DDBC0905A4D1D /* Pods-BitcoinViewer.debug.xcconfig */,
				08304BAC24612EB1311B6336 /* Pods-BitcoinViewer.release.xcconfig */,
				FB6CA95FC97DD3600B994906 /* Pods-BitcoinViewer WatchKit App.debug.xcconfig */,
				BC42237F1F591D788A596E71 /* Pods-BitcoinViewer WatchKit App.release.xcconfig */,
				5907085891B77B99E4A2773D /* Pods-BitcoinViewer WatchKit Extension.debug.xcconfig */,
				E4361B6640D6504B7F5775C1 /* Pods-BitcoinViewer WatchKit Extension.release.xcconfig */,
				17B834CDF4250EE2C2AED4B3 /* Pods-BitcoinViewerTests.debug.xcconfig */,
				9EEA6C28FCC5EC85397A5DE9 /* Pods-BitcoinViewerTests.release.xcconfig */,
				2421F265953B4FFD47E8395B /* Pods-BitcoinViewerUITests.debug.xcconfig */,
				CC7DF3160AD2BB34AE532EF7 /* Pods-BitcoinViewerUITests.release.xcconfig */,
			);
			name = Pods;
			sourceTree = "<group>";
		};
		42442F612146AE11000B604C /* Model */ = {
			isa = PBXGroup;
			children = (
				42442F8D2147233E000B604C /* Response */,
				42442F642146AED6000B604C /* BitcoinPrice.swift */,
			);
			path = Model;
			sourceTree = "<group>";
		};
		42442F662146AF5F000B604C /* Providers */ = {
			isa = PBXGroup;
			children = (
				42442F672146AF75000B604C /* CoinDeskApiProvider.swift */,
				42442F8521471BC2000B604C /* DatabaseProvider.swift */,
			);
			path = Providers;
			sourceTree = "<group>";
		};
		42442F692146B602000B604C /* Extensions */ = {
			isa = PBXGroup;
			children = (
				42442F6A2146B618000B604C /* Date+Extension.swift */,
				42442F8A21471F6C000B604C /* Encondable+Extension.swift */,
			);
			path = Extensions;
			sourceTree = "<group>";
		};
		42442F6C2146B96B000B604C /* Controllers */ = {
			isa = PBXGroup;
			children = (
				42442F762146BAA7000B604C /* ListBitcoinPrices */,
			);
			path = Controllers;
			sourceTree = "<group>";
		};
		42442F6F2146B999000B604C /* Views */ = {
			isa = PBXGroup;
			children = (
				42442F7A2146C10A000B604C /* BitcoinPriceTableViewCell.swift */,
				42442F7C2146C207000B604C /* BitcoinPriceTableViewCell.xib */,
				42442F9221472AD0000B604C /* RealTimeHeaderView.swift */,
				42442F9421472ADA000B604C /* RealTimeHeaderView.xib */,
			);
			path = Views;
			sourceTree = "<group>";
		};
		42442F762146BAA7000B604C /* ListBitcoinPrices */ = {
			isa = PBXGroup;
			children = (
				42442F6D2146B984000B604C /* ListBitcoinPricesViewController.swift */,
				42442F742146BA76000B604C /* ListBitcoinPricesViewModel.swift */,
			);
			path = ListBitcoinPrices;
			sourceTree = "<group>";
		};
		42442F772146BACD000B604C /* Assets */ = {
			isa = PBXGroup;
			children = (
				EF55C6B621468A8B00E44F8F /* Assets.xcassets */,
				EF55C6B821468A8B00E44F8F /* LaunchScreen.storyboard */,
				EF55C6AF21468A8600E44F8F /* AppDelegate.swift */,
				42442F782146BB1B000B604C /* ViewModelType.swift */,
			);
			path = Assets;
			sourceTree = "<group>";
		};
		42442F8D2147233E000B604C /* Response */ = {
			isa = PBXGroup;
			children = (
				42442F622146AE20000B604C /* CoinDeskResponse.swift */,
				42442F8E2147236C000B604C /* RealTimeResponse.swift */,
			);
			path = Response;
			sourceTree = "<group>";
		};
		EF55C6A321468A8600E44F8F = {
			isa = PBXGroup;
			children = (
				EF55C6AE21468A8600E44F8F /* BitcoinViewer */,
				EF55C6C321468A8B00E44F8F /* BitcoinViewerTests */,
				EF55C6CE21468A8B00E44F8F /* BitcoinViewerUITests */,
				EF55C6D821468A8B00E44F8F /* BitcoinViewer WatchKit App */,
				EF55C6E721468A8C00E44F8F /* BitcoinViewer WatchKit Extension */,
				EF55C6AD21468A8600E44F8F /* Products */,
				37CD597975C0587C23ACC1A5 /* Pods */,
				00E03998C3A0804D8FF3B520 /* Frameworks */,
			);
			sourceTree = "<group>";
		};
		EF55C6AD21468A8600E44F8F /* Products */ = {
			isa = PBXGroup;
			children = (
				EF55C6AC21468A8600E44F8F /* BitcoinViewer.app */,
				EF55C6C021468A8B00E44F8F /* BitcoinViewerTests.xctest */,
				EF55C6CB21468A8B00E44F8F /* BitcoinViewerUITests.xctest */,
				EF55C6D421468A8B00E44F8F /* BitcoinViewer WatchKit App.app */,
				EF55C6E321468A8C00E44F8F /* BitcoinViewer WatchKit Extension.appex */,
			);
			name = Products;
			sourceTree = "<group>";
		};
		EF55C6AE21468A8600E44F8F /* BitcoinViewer */ = {
			isa = PBXGroup;
			children = (
				42442F772146BACD000B604C /* Assets */,
				42442F6F2146B999000B604C /* Views */,
				42442F6C2146B96B000B604C /* Controllers */,
				42442F692146B602000B604C /* Extensions */,
				42442F662146AF5F000B604C /* Providers */,
				42442F612146AE11000B604C /* Model */,
				EF775A3B21469A9F004A04D3 /* Services */,
				EF55C6B321468A8700E44F8F /* Main.storyboard */,
				EF55C6BB21468A8B00E44F8F /* Info.plist */,
			);
			path = BitcoinViewer;
			sourceTree = "<group>";
		};
		EF55C6C321468A8B00E44F8F /* BitcoinViewerTests */ = {
			isa = PBXGroup;
			children = (
				EF55C6C421468A8B00E44F8F /* BitcoinViewerTests.swift */,
				EF55C6C621468A8B00E44F8F /* Info.plist */,
			);
			path = BitcoinViewerTests;
			sourceTree = "<group>";
		};
		EF55C6CE21468A8B00E44F8F /* BitcoinViewerUITests */ = {
			isa = PBXGroup;
			children = (
				EF55C6CF21468A8B00E44F8F /* BitcoinViewerUITests.swift */,
				EF55C6D121468A8B00E44F8F /* Info.plist */,
			);
			path = BitcoinViewerUITests;
			sourceTree = "<group>";
		};
		EF55C6D821468A8B00E44F8F /* BitcoinViewer WatchKit App */ = {
			isa = PBXGroup;
			children = (
				EF55C6D921468A8B00E44F8F /* Interface.storyboard */,
				EF55C6DC21468A8C00E44F8F /* Assets.xcassets */,
				EF55C6DE21468A8C00E44F8F /* Info.plist */,
			);
			path = "BitcoinViewer WatchKit App";
			sourceTree = "<group>";
		};
		EF55C6E721468A8C00E44F8F /* BitcoinViewer WatchKit Extension */ = {
			isa = PBXGroup;
			children = (
				EF55C6E821468A8D00E44F8F /* InterfaceController.swift */,
				EF55C6EA21468A8D00E44F8F /* ExtensionDelegate.swift */,
				EF55C6EC21468A8D00E44F8F /* NotificationController.swift */,
				EF55C6EE21468A8D00E44F8F /* Assets.xcassets */,
				EF55C6F021468A8D00E44F8F /* Info.plist */,
				EF55C6F121468A8D00E44F8F /* PushNotificationPayload.apns */,
				EF55C70521468B9E00E44F8F /* RowController.swift */,
			);
			path = "BitcoinViewer WatchKit Extension";
			sourceTree = "<group>";
		};
		EF775A3B21469A9F004A04D3 /* Services */ = {
			isa = PBXGroup;
			children = (
				EF775A3C21469ACB004A04D3 /* BitcoinService.swift */,
			);
			path = Services;
			sourceTree = "<group>";
		};
/* End PBXGroup section */

/* Begin PBXNativeTarget section */
		EF55C6AB21468A8600E44F8F /* BitcoinViewer */ = {
			isa = PBXNativeTarget;
			buildConfigurationList = EF55C6FC21468A8D00E44F8F /* Build configuration list for PBXNativeTarget "BitcoinViewer" */;
			buildPhases = (
				C825E4B6A01377BC2978F187 /* [CP] Check Pods Manifest.lock */,
				EF55C6A821468A8600E44F8F /* Sources */,
				EF55C6A921468A8600E44F8F /* Frameworks */,
				EF55C6AA21468A8600E44F8F /* Resources */,
				EF55C6FB21468A8D00E44F8F /* Embed Watch Content */,
				E2F2A02B66FD508D6ECFE2A6 /* [CP] Embed Pods Frameworks */,
			);
			buildRules = (
			);
			dependencies = (
				EF55C6D721468A8B00E44F8F /* PBXTargetDependency */,
			);
			name = BitcoinViewer;
			productName = BitcoinViewer;
			productReference = EF55C6AC21468A8600E44F8F /* BitcoinViewer.app */;
			productType = "com.apple.product-type.application";
		};
		EF55C6BF21468A8B00E44F8F /* BitcoinViewerTests */ = {
			isa = PBXNativeTarget;
			buildConfigurationList = EF55C6FF21468A8D00E44F8F /* Build configuration list for PBXNativeTarget "BitcoinViewerTests" */;
			buildPhases = (
				324C8E42DB6461E114AF5C7A /* [CP] Check Pods Manifest.lock */,
				EF55C6BC21468A8B00E44F8F /* Sources */,
				EF55C6BD21468A8B00E44F8F /* Frameworks */,
				EF55C6BE21468A8B00E44F8F /* Resources */,
			);
			buildRules = (
			);
			dependencies = (
				EF55C6C221468A8B00E44F8F /* PBXTargetDependency */,
			);
			name = BitcoinViewerTests;
			productName = BitcoinViewerTests;
			productReference = EF55C6C021468A8B00E44F8F /* BitcoinViewerTests.xctest */;
			productType = "com.apple.product-type.bundle.unit-test";
		};
		EF55C6CA21468A8B00E44F8F /* BitcoinViewerUITests */ = {
			isa = PBXNativeTarget;
			buildConfigurationList = EF55C70221468A8D00E44F8F /* Build configuration list for PBXNativeTarget "BitcoinViewerUITests" */;
			buildPhases = (
				DDA049F41CC280D84E4D0432 /* [CP] Check Pods Manifest.lock */,
				EF55C6C721468A8B00E44F8F /* Sources */,
				EF55C6C821468A8B00E44F8F /* Frameworks */,
				EF55C6C921468A8B00E44F8F /* Resources */,
			);
			buildRules = (
			);
			dependencies = (
				EF55C6CD21468A8B00E44F8F /* PBXTargetDependency */,
			);
			name = BitcoinViewerUITests;
			productName = BitcoinViewerUITests;
			productReference = EF55C6CB21468A8B00E44F8F /* BitcoinViewerUITests.xctest */;
			productType = "com.apple.product-type.bundle.ui-testing";
		};
		EF55C6D321468A8B00E44F8F /* BitcoinViewer WatchKit App */ = {
			isa = PBXNativeTarget;
			buildConfigurationList = EF55C6F821468A8D00E44F8F /* Build configuration list for PBXNativeTarget "BitcoinViewer WatchKit App" */;
			buildPhases = (
				97C8053923DB5107E0EE4F7D /* [CP] Check Pods Manifest.lock */,
				EF55C6D221468A8B00E44F8F /* Resources */,
				EF55C6F721468A8D00E44F8F /* Embed App Extensions */,
				00B4402AB52C8169B39525C3 /* Frameworks */,
			);
			buildRules = (
			);
			dependencies = (
				EF55C6E621468A8C00E44F8F /* PBXTargetDependency */,
			);
			name = "BitcoinViewer WatchKit App";
			productName = "BitcoinViewer WatchKit App";
			productReference = EF55C6D421468A8B00E44F8F /* BitcoinViewer WatchKit App.app */;
			productType = "com.apple.product-type.application.watchapp2";
		};
		EF55C6E221468A8C00E44F8F /* BitcoinViewer WatchKit Extension */ = {
			isa = PBXNativeTarget;
			buildConfigurationList = EF55C6F421468A8D00E44F8F /* Build configuration list for PBXNativeTarget "BitcoinViewer WatchKit Extension" */;
			buildPhases = (
				2E5984439253E0EA6E4ECB65 /* [CP] Check Pods Manifest.lock */,
				EF55C6DF21468A8C00E44F8F /* Sources */,
				EF55C6E021468A8C00E44F8F /* Frameworks */,
				EF55C6E121468A8C00E44F8F /* Resources */,
				5C27018CD998E8513EB9D925 /* [CP] Embed Pods Frameworks */,
			);
			buildRules = (
			);
			dependencies = (
			);
			name = "BitcoinViewer WatchKit Extension";
			productName = "BitcoinViewer WatchKit Extension";
			productReference = EF55C6E321468A8C00E44F8F /* BitcoinViewer WatchKit Extension.appex */;
			productType = "com.apple.product-type.watchkit2-extension";
		};
/* End PBXNativeTarget section */

/* Begin PBXProject section */
		EF55C6A421468A8600E44F8F /* Project object */ = {
			isa = PBXProject;
			attributes = {
				LastSwiftUpdateCheck = 0940;
				LastUpgradeCheck = 0940;
				ORGANIZATIONNAME = Netquest;
				TargetAttributes = {
					EF55C6AB21468A8600E44F8F = {
						CreatedOnToolsVersion = 9.4.1;
					};
					EF55C6BF21468A8B00E44F8F = {
						CreatedOnToolsVersion = 9.4.1;
						TestTargetID = EF55C6AB21468A8600E44F8F;
					};
					EF55C6CA21468A8B00E44F8F = {
						CreatedOnToolsVersion = 9.4.1;
						TestTargetID = EF55C6AB21468A8600E44F8F;
					};
					EF55C6D321468A8B00E44F8F = {
						CreatedOnToolsVersion = 9.4.1;
					};
					EF55C6E221468A8C00E44F8F = {
						CreatedOnToolsVersion = 9.4.1;
					};
				};
			};
			buildConfigurationList = EF55C6A721468A8600E44F8F /* Build configuration list for PBXProject "BitcoinViewer" */;
			compatibilityVersion = "Xcode 9.3";
			developmentRegion = en;
			hasScannedForEncodings = 0;
			knownRegions = (
				en,
				Base,
			);
			mainGroup = EF55C6A321468A8600E44F8F;
			productRefGroup = EF55C6AD21468A8600E44F8F /* Products */;
			projectDirPath = "";
			projectRoot = "";
			targets = (
				EF55C6AB21468A8600E44F8F /* BitcoinViewer */,
				EF55C6BF21468A8B00E44F8F /* BitcoinViewerTests */,
				EF55C6CA21468A8B00E44F8F /* BitcoinViewerUITests */,
				EF55C6D321468A8B00E44F8F /* BitcoinViewer WatchKit App */,
				EF55C6E221468A8C00E44F8F /* BitcoinViewer WatchKit Extension */,
			);
		};
/* End PBXProject section */

/* Begin PBXResourcesBuildPhase section */
		EF55C6AA21468A8600E44F8F /* Resources */ = {
			isa = PBXResourcesBuildPhase;
			buildActionMask = 2147483647;
			files = (
				42442F7D2146C207000B604C /* BitcoinPriceTableViewCell.xib in Resources */,
				EF55C6BA21468A8B00E44F8F /* LaunchScreen.storyboard in Resources */,
				EF55C6B721468A8B00E44F8F /* Assets.xcassets in Resources */,
				42442F9521472ADA000B604C /* RealTimeHeaderView.xib in Resources */,
				EF55C6B521468A8700E44F8F /* Main.storyboard in Resources */,
			);
			runOnlyForDeploymentPostprocessing = 0;
		};
		EF55C6BE21468A8B00E44F8F /* Resources */ = {
			isa = PBXResourcesBuildPhase;
			buildActionMask = 2147483647;
			files = (
			);
			runOnlyForDeploymentPostprocessing = 0;
		};
		EF55C6C921468A8B00E44F8F /* Resources */ = {
			isa = PBXResourcesBuildPhase;
			buildActionMask = 2147483647;
			files = (
			);
			runOnlyForDeploymentPostprocessing = 0;
		};
		EF55C6D221468A8B00E44F8F /* Resources */ = {
			isa = PBXResourcesBuildPhase;
			buildActionMask = 2147483647;
			files = (
				EF55C6DD21468A8C00E44F8F /* Assets.xcassets in Resources */,
				EF55C6DB21468A8B00E44F8F /* Interface.storyboard in Resources */,
			);
			runOnlyForDeploymentPostprocessing = 0;
		};
		EF55C6E121468A8C00E44F8F /* Resources */ = {
			isa = PBXResourcesBuildPhase;
			buildActionMask = 2147483647;
			files = (
				EF55C6EF21468A8D00E44F8F /* Assets.xcassets in Resources */,
			);
			runOnlyForDeploymentPostprocessing = 0;
		};
/* End PBXResourcesBuildPhase section */

/* Begin PBXShellScriptBuildPhase section */
		2E5984439253E0EA6E4ECB65 /* [CP] Check Pods Manifest.lock */ = {
			isa = PBXShellScriptBuildPhase;
			buildActionMask = 2147483647;
			files = (
			);
			inputPaths = (
				"${PODS_PODFILE_DIR_PATH}/Podfile.lock",
				"${PODS_ROOT}/Manifest.lock",
			);
			name = "[CP] Check Pods Manifest.lock";
			outputPaths = (
				"$(DERIVED_FILE_DIR)/Pods-BitcoinViewer WatchKit Extension-checkManifestLockResult.txt",
			);
			runOnlyForDeploymentPostprocessing = 0;
			shellPath = /bin/sh;
			shellScript = "diff \"${PODS_PODFILE_DIR_PATH}/Podfile.lock\" \"${PODS_ROOT}/Manifest.lock\" > /dev/null\nif [ $? != 0 ] ; then\n    # print error to STDERR\n    echo \"error: The sandbox is not in sync with the Podfile.lock. Run 'pod install' or update your CocoaPods installation.\" >&2\n    exit 1\nfi\n# This output is used by Xcode 'outputs' to avoid re-running this script phase.\necho \"SUCCESS\" > \"${SCRIPT_OUTPUT_FILE_0}\"\n";
			showEnvVarsInLog = 0;
		};
		324C8E42DB6461E114AF5C7A /* [CP] Check Pods Manifest.lock */ = {
			isa = PBXShellScriptBuildPhase;
			buildActionMask = 2147483647;
			files = (
			);
			inputPaths = (
				"${PODS_PODFILE_DIR_PATH}/Podfile.lock",
				"${PODS_ROOT}/Manifest.lock",
			);
			name = "[CP] Check Pods Manifest.lock";
			outputPaths = (
				"$(DERIVED_FILE_DIR)/Pods-BitcoinViewerTests-checkManifestLockResult.txt",
			);
			runOnlyForDeploymentPostprocessing = 0;
			shellPath = /bin/sh;
			shellScript = "diff \"${PODS_PODFILE_DIR_PATH}/Podfile.lock\" \"${PODS_ROOT}/Manifest.lock\" > /dev/null\nif [ $? != 0 ] ; then\n    # print error to STDERR\n    echo \"error: The sandbox is not in sync with the Podfile.lock. Run 'pod install' or update your CocoaPods installation.\" >&2\n    exit 1\nfi\n# This output is used by Xcode 'outputs' to avoid re-running this script phase.\necho \"SUCCESS\" > \"${SCRIPT_OUTPUT_FILE_0}\"\n";
			showEnvVarsInLog = 0;
		};
		5C27018CD998E8513EB9D925 /* [CP] Embed Pods Frameworks */ = {
			isa = PBXShellScriptBuildPhase;
			buildActionMask = 2147483647;
			files = (
			);
			inputPaths = (
				"${SRCROOT}/Pods/Target Support Files/Pods-BitcoinViewer WatchKit Extension/Pods-BitcoinViewer WatchKit Extension-frameworks.sh",
				"${BUILT_PRODUCTS_DIR}/Alamofire-watchOS/Alamofire.framework",
				"${BUILT_PRODUCTS_DIR}/Moya-watchOS/Moya.framework",
				"${BUILT_PRODUCTS_DIR}/NSObject+Rx-watchOS/NSObject_Rx.framework",
				"${BUILT_PRODUCTS_DIR}/Result-watchOS/Result.framework",
				"${BUILT_PRODUCTS_DIR}/RxCocoa-watchOS/RxCocoa.framework",
				"${BUILT_PRODUCTS_DIR}/RxSwift-watchOS/RxSwift.framework",
			);
			name = "[CP] Embed Pods Frameworks";
			outputPaths = (
				"${TARGET_BUILD_DIR}/${FRAMEWORKS_FOLDER_PATH}/Alamofire.framework",
				"${TARGET_BUILD_DIR}/${FRAMEWORKS_FOLDER_PATH}/Moya.framework",
				"${TARGET_BUILD_DIR}/${FRAMEWORKS_FOLDER_PATH}/NSObject_Rx.framework",
				"${TARGET_BUILD_DIR}/${FRAMEWORKS_FOLDER_PATH}/Result.framework",
				"${TARGET_BUILD_DIR}/${FRAMEWORKS_FOLDER_PATH}/RxCocoa.framework",
				"${TARGET_BUILD_DIR}/${FRAMEWORKS_FOLDER_PATH}/RxSwift.framework",
			);
			runOnlyForDeploymentPostprocessing = 0;
			shellPath = /bin/sh;
			shellScript = "\"${SRCROOT}/Pods/Target Support Files/Pods-BitcoinViewer WatchKit Extension/Pods-BitcoinViewer WatchKit Extension-frameworks.sh\"\n";
			showEnvVarsInLog = 0;
		};
		97C8053923DB5107E0EE4F7D /* [CP] Check Pods Manifest.lock */ = {
			isa = PBXShellScriptBuildPhase;
			buildActionMask = 2147483647;
			files = (
			);
			inputPaths = (
				"${PODS_PODFILE_DIR_PATH}/Podfile.lock",
				"${PODS_ROOT}/Manifest.lock",
			);
			name = "[CP] Check Pods Manifest.lock";
			outputPaths = (
				"$(DERIVED_FILE_DIR)/Pods-BitcoinViewer WatchKit App-checkManifestLockResult.txt",
			);
			runOnlyForDeploymentPostprocessing = 0;
			shellPath = /bin/sh;
			shellScript = "diff \"${PODS_PODFILE_DIR_PATH}/Podfile.lock\" \"${PODS_ROOT}/Manifest.lock\" > /dev/null\nif [ $? != 0 ] ; then\n    # print error to STDERR\n    echo \"error: The sandbox is not in sync with the Podfile.lock. Run 'pod install' or update your CocoaPods installation.\" >&2\n    exit 1\nfi\n# This output is used by Xcode 'outputs' to avoid re-running this script phase.\necho \"SUCCESS\" > \"${SCRIPT_OUTPUT_FILE_0}\"\n";
			showEnvVarsInLog = 0;
		};
		C825E4B6A01377BC2978F187 /* [CP] Check Pods Manifest.lock */ = {
			isa = PBXShellScriptBuildPhase;
			buildActionMask = 2147483647;
			files = (
			);
			inputPaths = (
				"${PODS_PODFILE_DIR_PATH}/Podfile.lock",
				"${PODS_ROOT}/Manifest.lock",
			);
			name = "[CP] Check Pods Manifest.lock";
			outputPaths = (
				"$(DERIVED_FILE_DIR)/Pods-BitcoinViewer-checkManifestLockResult.txt",
			);
			runOnlyForDeploymentPostprocessing = 0;
			shellPath = /bin/sh;
			shellScript = "diff \"${PODS_PODFILE_DIR_PATH}/Podfile.lock\" \"${PODS_ROOT}/Manifest.lock\" > /dev/null\nif [ $? != 0 ] ; then\n    # print error to STDERR\n    echo \"error: The sandbox is not in sync with the Podfile.lock. Run 'pod install' or update your CocoaPods installation.\" >&2\n    exit 1\nfi\n# This output is used by Xcode 'outputs' to avoid re-running this script phase.\necho \"SUCCESS\" > \"${SCRIPT_OUTPUT_FILE_0}\"\n";
			showEnvVarsInLog = 0;
		};
		DDA049F41CC280D84E4D0432 /* [CP] Check Pods Manifest.lock */ = {
			isa = PBXShellScriptBuildPhase;
			buildActionMask = 2147483647;
			files = (
			);
			inputPaths = (
				"${PODS_PODFILE_DIR_PATH}/Podfile.lock",
				"${PODS_ROOT}/Manifest.lock",
			);
			name = "[CP] Check Pods Manifest.lock";
			outputPaths = (
				"$(DERIVED_FILE_DIR)/Pods-BitcoinViewerUITests-checkManifestLockResult.txt",
			);
			runOnlyForDeploymentPostprocessing = 0;
			shellPath = /bin/sh;
			shellScript = "diff \"${PODS_PODFILE_DIR_PATH}/Podfile.lock\" \"${PODS_ROOT}/Manifest.lock\" > /dev/null\nif [ $? != 0 ] ; then\n    # print error to STDERR\n    echo \"error: The sandbox is not in sync with the Podfile.lock. Run 'pod install' or update your CocoaPods installation.\" >&2\n    exit 1\nfi\n# This output is used by Xcode 'outputs' to avoid re-running this script phase.\necho \"SUCCESS\" > \"${SCRIPT_OUTPUT_FILE_0}\"\n";
			showEnvVarsInLog = 0;
		};
		E2F2A02B66FD508D6ECFE2A6 /* [CP] Embed Pods Frameworks */ = {
			isa = PBXShellScriptBuildPhase;
			buildActionMask = 2147483647;
			files = (
			);
			inputPaths = (
				"${SRCROOT}/Pods/Target Support Files/Pods-BitcoinViewer/Pods-BitcoinViewer-frameworks.sh",
				"${BUILT_PRODUCTS_DIR}/Alamofire-iOS/Alamofire.framework",
				"${BUILT_PRODUCTS_DIR}/Moya-iOS/Moya.framework",
				"${BUILT_PRODUCTS_DIR}/NSObject+Rx-iOS/NSObject_Rx.framework",
				"${BUILT_PRODUCTS_DIR}/Result-iOS/Result.framework",
				"${BUILT_PRODUCTS_DIR}/RxCocoa-iOS/RxCocoa.framework",
				"${BUILT_PRODUCTS_DIR}/RxSwift-iOS/RxSwift.framework",
				"${BUILT_PRODUCTS_DIR}/RxViewController/RxViewController.framework",
			);
			name = "[CP] Embed Pods Frameworks";
			outputPaths = (
				"${TARGET_BUILD_DIR}/${FRAMEWORKS_FOLDER_PATH}/Alamofire.framework",
				"${TARGET_BUILD_DIR}/${FRAMEWORKS_FOLDER_PATH}/Moya.framework",
				"${TARGET_BUILD_DIR}/${FRAMEWORKS_FOLDER_PATH}/NSObject_Rx.framework",
				"${TARGET_BUILD_DIR}/${FRAMEWORKS_FOLDER_PATH}/Result.framework",
				"${TARGET_BUILD_DIR}/${FRAMEWORKS_FOLDER_PATH}/RxCocoa.framework",
				"${TARGET_BUILD_DIR}/${FRAMEWORKS_FOLDER_PATH}/RxSwift.framework",
				"${TARGET_BUILD_DIR}/${FRAMEWORKS_FOLDER_PATH}/RxViewController.framework",
			);
			runOnlyForDeploymentPostprocessing = 0;
			shellPath = /bin/sh;
			shellScript = "\"${SRCROOT}/Pods/Target Support Files/Pods-BitcoinViewer/Pods-BitcoinViewer-frameworks.sh\"\n";
			showEnvVarsInLog = 0;
		};
/* End PBXShellScriptBuildPhase section */

/* Begin PBXSourcesBuildPhase section */
		EF55C6A821468A8600E44F8F /* Sources */ = {
			isa = PBXSourcesBuildPhase;
			buildActionMask = 2147483647;
			files = (
				42442F632146AE20000B604C /* CoinDeskResponse.swift in Sources */,
				42442F682146AF75000B604C /* CoinDeskApiProvider.swift in Sources */,
				42442F7B2146C10A000B604C /* BitcoinPriceTableViewCell.swift in Sources */,
				42442F752146BA76000B604C /* ListBitcoinPricesViewModel.swift in Sources */,
				EF775A3D21469ACB004A04D3 /* BitcoinService.swift in Sources */,
				42442F6B2146B618000B604C /* Date+Extension.swift in Sources */,
				42442F8621471BC2000B604C /* DatabaseProvider.swift in Sources */,
				42442F6E2146B984000B604C /* ListBitcoinPricesViewController.swift in Sources */,
				42442F8F2147236C000B604C /* RealTimeResponse.swift in Sources */,
				42442F8B21471F6C000B604C /* Encondable+Extension.swift in Sources */,
				42442F652146AED6000B604C /* BitcoinPrice.swift in Sources */,
				EF55C6B021468A8700E44F8F /* AppDelegate.swift in Sources */,
				42442F9321472AD0000B604C /* RealTimeHeaderView.swift in Sources */,
				42442F792146BB1B000B604C /* ViewModelType.swift in Sources */,
			);
			runOnlyForDeploymentPostprocessing = 0;
		};
		EF55C6BC21468A8B00E44F8F /* Sources */ = {
			isa = PBXSourcesBuildPhase;
			buildActionMask = 2147483647;
			files = (
				EF55C6C521468A8B00E44F8F /* BitcoinViewerTests.swift in Sources */,
			);
			runOnlyForDeploymentPostprocessing = 0;
		};
		EF55C6C721468A8B00E44F8F /* Sources */ = {
			isa = PBXSourcesBuildPhase;
			buildActionMask = 2147483647;
			files = (
				EF55C6D021468A8B00E44F8F /* BitcoinViewerUITests.swift in Sources */,
			);
			runOnlyForDeploymentPostprocessing = 0;
		};
		EF55C6DF21468A8C00E44F8F /* Sources */ = {
			isa = PBXSourcesBuildPhase;
			buildActionMask = 2147483647;
			files = (
				42442F8021471413000B604C /* CoinDeskApiProvider.swift in Sources */,
				42442F9121472374000B604C /* RealTimeResponse.swift in Sources */,
				EF55C6ED21468A8D00E44F8F /* NotificationController.swift in Sources */,
				42442F842147148D000B604C /* Date+Extension.swift in Sources */,
				EF55C6EB21468A8D00E44F8F /* ExtensionDelegate.swift in Sources */,
				EF55C70621468B9E00E44F8F /* RowController.swift in Sources */,
				42442F822147144D000B604C /* BitcoinPrice.swift in Sources */,
				42442F8121471441000B604C /* ViewModelType.swift in Sources */,
				42442F832147147E000B604C /* CoinDeskResponse.swift in Sources */,
				EF55C6E921468A8D00E44F8F /* InterfaceController.swift in Sources */,
				42442F8921471E83000B604C /* DatabaseProvider.swift in Sources */,
				42442F8C21471F76000B604C /* Encondable+Extension.swift in Sources */,
				42442F7F2147140B000B604C /* BitcoinService.swift in Sources */,
				42442F7E2147126D000B604C /* ListBitcoinPricesViewModel.swift in Sources */,
			);
			runOnlyForDeploymentPostprocessing = 0;
		};
/* End PBXSourcesBuildPhase section */

/* Begin PBXTargetDependency section */
		EF55C6C221468A8B00E44F8F /* PBXTargetDependency */ = {
			isa = PBXTargetDependency;
			target = EF55C6AB21468A8600E44F8F /* BitcoinViewer */;
			targetProxy = EF55C6C121468A8B00E44F8F /* PBXContainerItemProxy */;
		};
		EF55C6CD21468A8B00E44F8F /* PBXTargetDependency */ = {
			isa = PBXTargetDependency;
			target = EF55C6AB21468A8600E44F8F /* BitcoinViewer */;
			targetProxy = EF55C6CC21468A8B00E44F8F /* PBXContainerItemProxy */;
		};
		EF55C6D721468A8B00E44F8F /* PBXTargetDependency */ = {
			isa = PBXTargetDependency;
			target = EF55C6D321468A8B00E44F8F /* BitcoinViewer WatchKit App */;
			targetProxy = EF55C6D621468A8B00E44F8F /* PBXContainerItemProxy */;
		};
		EF55C6E621468A8C00E44F8F /* PBXTargetDependency */ = {
			isa = PBXTargetDependency;
			target = EF55C6E221468A8C00E44F8F /* BitcoinViewer WatchKit Extension */;
			targetProxy = EF55C6E521468A8C00E44F8F /* PBXContainerItemProxy */;
		};
/* End PBXTargetDependency section */

/* Begin PBXVariantGroup section */
		EF55C6B321468A8700E44F8F /* Main.storyboard */ = {
			isa = PBXVariantGroup;
			children = (
				EF55C6B421468A8700E44F8F /* Base */,
			);
			name = Main.storyboard;
			sourceTree = "<group>";
		};
		EF55C6B821468A8B00E44F8F /* LaunchScreen.storyboard */ = {
			isa = PBXVariantGroup;
			children = (
				EF55C6B921468A8B00E44F8F /* Base */,
			);
			name = LaunchScreen.storyboard;
			sourceTree = "<group>";
		};
		EF55C6D921468A8B00E44F8F /* Interface.storyboard */ = {
			isa = PBXVariantGroup;
			children = (
				EF55C6DA21468A8B00E44F8F /* Base */,
			);
			name = Interface.storyboard;
			sourceTree = "<group>";
		};
/* End PBXVariantGroup section */

/* Begin XCBuildConfiguration section */
		EF55C6F221468A8D00E44F8F /* Debug */ = {
			isa = XCBuildConfiguration;
			buildSettings = {
				ALWAYS_SEARCH_USER_PATHS = NO;
				CLANG_ANALYZER_NONNULL = YES;
				CLANG_ANALYZER_NUMBER_OBJECT_CONVERSION = YES_AGGRESSIVE;
				CLANG_CXX_LANGUAGE_STANDARD = "gnu++14";
				CLANG_CXX_LIBRARY = "libc++";
				CLANG_ENABLE_MODULES = YES;
				CLANG_ENABLE_OBJC_ARC = YES;
				CLANG_ENABLE_OBJC_WEAK = YES;
				CLANG_WARN_BLOCK_CAPTURE_AUTORELEASING = YES;
				CLANG_WARN_BOOL_CONVERSION = YES;
				CLANG_WARN_COMMA = YES;
				CLANG_WARN_CONSTANT_CONVERSION = YES;
				CLANG_WARN_DEPRECATED_OBJC_IMPLEMENTATIONS = YES;
				CLANG_WARN_DIRECT_OBJC_ISA_USAGE = YES_ERROR;
				CLANG_WARN_DOCUMENTATION_COMMENTS = YES;
				CLANG_WARN_EMPTY_BODY = YES;
				CLANG_WARN_ENUM_CONVERSION = YES;
				CLANG_WARN_INFINITE_RECURSION = YES;
				CLANG_WARN_INT_CONVERSION = YES;
				CLANG_WARN_NON_LITERAL_NULL_CONVERSION = YES;
				CLANG_WARN_OBJC_IMPLICIT_RETAIN_SELF = YES;
				CLANG_WARN_OBJC_LITERAL_CONVERSION = YES;
				CLANG_WARN_OBJC_ROOT_CLASS = YES_ERROR;
				CLANG_WARN_RANGE_LOOP_ANALYSIS = YES;
				CLANG_WARN_STRICT_PROTOTYPES = YES;
				CLANG_WARN_SUSPICIOUS_MOVE = YES;
				CLANG_WARN_UNGUARDED_AVAILABILITY = YES_AGGRESSIVE;
				CLANG_WARN_UNREACHABLE_CODE = YES;
				CLANG_WARN__DUPLICATE_METHOD_MATCH = YES;
				CODE_SIGN_IDENTITY = "iPhone Developer";
				COPY_PHASE_STRIP = NO;
				DEBUG_INFORMATION_FORMAT = dwarf;
				ENABLE_STRICT_OBJC_MSGSEND = YES;
				ENABLE_TESTABILITY = YES;
				GCC_C_LANGUAGE_STANDARD = gnu11;
				GCC_DYNAMIC_NO_PIC = NO;
				GCC_NO_COMMON_BLOCKS = YES;
				GCC_OPTIMIZATION_LEVEL = 0;
				GCC_PREPROCESSOR_DEFINITIONS = (
					"DEBUG=1",
					"$(inherited)",
				);
				GCC_WARN_64_TO_32_BIT_CONVERSION = YES;
				GCC_WARN_ABOUT_RETURN_TYPE = YES_ERROR;
				GCC_WARN_UNDECLARED_SELECTOR = YES;
				GCC_WARN_UNINITIALIZED_AUTOS = YES_AGGRESSIVE;
				GCC_WARN_UNUSED_FUNCTION = YES;
				GCC_WARN_UNUSED_VARIABLE = YES;
				IPHONEOS_DEPLOYMENT_TARGET = 11.4;
				MTL_ENABLE_DEBUG_INFO = YES;
				ONLY_ACTIVE_ARCH = YES;
				SDKROOT = iphoneos;
				SWIFT_ACTIVE_COMPILATION_CONDITIONS = DEBUG;
				SWIFT_OPTIMIZATION_LEVEL = "-Onone";
			};
			name = Debug;
		};
		EF55C6F321468A8D00E44F8F /* Release */ = {
			isa = XCBuildConfiguration;
			buildSettings = {
				ALWAYS_SEARCH_USER_PATHS = NO;
				CLANG_ANALYZER_NONNULL = YES;
				CLANG_ANALYZER_NUMBER_OBJECT_CONVERSION = YES_AGGRESSIVE;
				CLANG_CXX_LANGUAGE_STANDARD = "gnu++14";
				CLANG_CXX_LIBRARY = "libc++";
				CLANG_ENABLE_MODULES = YES;
				CLANG_ENABLE_OBJC_ARC = YES;
				CLANG_ENABLE_OBJC_WEAK = YES;
				CLANG_WARN_BLOCK_CAPTURE_AUTORELEASING = YES;
				CLANG_WARN_BOOL_CONVERSION = YES;
				CLANG_WARN_COMMA = YES;
				CLANG_WARN_CONSTANT_CONVERSION = YES;
				CLANG_WARN_DEPRECATED_OBJC_IMPLEMENTATIONS = YES;
				CLANG_WARN_DIRECT_OBJC_ISA_USAGE = YES_ERROR;
				CLANG_WARN_DOCUMENTATION_COMMENTS = YES;
				CLANG_WARN_EMPTY_BODY = YES;
				CLANG_WARN_ENUM_CONVERSION = YES;
				CLANG_WARN_INFINITE_RECURSION = YES;
				CLANG_WARN_INT_CONVERSION = YES;
				CLANG_WARN_NON_LITERAL_NULL_CONVERSION = YES;
				CLANG_WARN_OBJC_IMPLICIT_RETAIN_SELF = YES;
				CLANG_WARN_OBJC_LITERAL_CONVERSION = YES;
				CLANG_WARN_OBJC_ROOT_CLASS = YES_ERROR;
				CLANG_WARN_RANGE_LOOP_ANALYSIS = YES;
				CLANG_WARN_STRICT_PROTOTYPES = YES;
				CLANG_WARN_SUSPICIOUS_MOVE = YES;
				CLANG_WARN_UNGUARDED_AVAILABILITY = YES_AGGRESSIVE;
				CLANG_WARN_UNREACHABLE_CODE = YES;
				CLANG_WARN__DUPLICATE_METHOD_MATCH = YES;
				CODE_SIGN_IDENTITY = "iPhone Developer";
				COPY_PHASE_STRIP = NO;
				DEBUG_INFORMATION_FORMAT = "dwarf-with-dsym";
				ENABLE_NS_ASSERTIONS = NO;
				ENABLE_STRICT_OBJC_MSGSEND = YES;
				GCC_C_LANGUAGE_STANDARD = gnu11;
				GCC_NO_COMMON_BLOCKS = YES;
				GCC_WARN_64_TO_32_BIT_CONVERSION = YES;
				GCC_WARN_ABOUT_RETURN_TYPE = YES_ERROR;
				GCC_WARN_UNDECLARED_SELECTOR = YES;
				GCC_WARN_UNINITIALIZED_AUTOS = YES_AGGRESSIVE;
				GCC_WARN_UNUSED_FUNCTION = YES;
				GCC_WARN_UNUSED_VARIABLE = YES;
				IPHONEOS_DEPLOYMENT_TARGET = 11.4;
				MTL_ENABLE_DEBUG_INFO = NO;
				SDKROOT = iphoneos;
				SWIFT_COMPILATION_MODE = wholemodule;
				SWIFT_OPTIMIZATION_LEVEL = "-O";
				VALIDATE_PRODUCT = YES;
			};
			name = Release;
		};
		EF55C6F521468A8D00E44F8F /* Debug */ = {
			isa = XCBuildConfiguration;
			baseConfigurationReference = 5907085891B77B99E4A2773D /* Pods-BitcoinViewer WatchKit Extension.debug.xcconfig */;
			buildSettings = {
				ASSETCATALOG_COMPILER_COMPLICATION_NAME = Complication;
				CODE_SIGN_STYLE = Automatic;
				DEVELOPMENT_TEAM = C2NJ6URQ6C;
				INFOPLIST_FILE = "BitcoinViewer WatchKit Extension/Info.plist";
				LD_RUNPATH_SEARCH_PATHS = (
					"$(inherited)",
					"@executable_path/Frameworks",
					"@executable_path/../../Frameworks",
				);
				PRODUCT_BUNDLE_IDENTIFIER = Test.BitcoinViewer.watchkitapp.watchkitextension;
				PRODUCT_NAME = "${TARGET_NAME}";
				SDKROOT = watchos;
				SKIP_INSTALL = YES;
				SWIFT_VERSION = 4.0;
				TARGETED_DEVICE_FAMILY = 4;
				WATCHOS_DEPLOYMENT_TARGET = 4.3;
			};
			name = Debug;
		};
		EF55C6F621468A8D00E44F8F /* Release */ = {
			isa = XCBuildConfiguration;
			baseConfigurationReference = E4361B6640D6504B7F5775C1 /* Pods-BitcoinViewer WatchKit Extension.release.xcconfig */;
			buildSettings = {
				ASSETCATALOG_COMPILER_COMPLICATION_NAME = Complication;
				CODE_SIGN_STYLE = Automatic;
				DEVELOPMENT_TEAM = C2NJ6URQ6C;
				INFOPLIST_FILE = "BitcoinViewer WatchKit Extension/Info.plist";
				LD_RUNPATH_SEARCH_PATHS = (
					"$(inherited)",
					"@executable_path/Frameworks",
					"@executable_path/../../Frameworks",
				);
				PRODUCT_BUNDLE_IDENTIFIER = Test.BitcoinViewer.watchkitapp.watchkitextension;
				PRODUCT_NAME = "${TARGET_NAME}";
				SDKROOT = watchos;
				SKIP_INSTALL = YES;
				SWIFT_VERSION = 4.0;
				TARGETED_DEVICE_FAMILY = 4;
				WATCHOS_DEPLOYMENT_TARGET = 4.3;
			};
			name = Release;
		};
		EF55C6F921468A8D00E44F8F /* Debug */ = {
			isa = XCBuildConfiguration;
			baseConfigurationReference = FB6CA95FC97DD3600B994906 /* Pods-BitcoinViewer WatchKit App.debug.xcconfig */;
			buildSettings = {
				ALWAYS_EMBED_SWIFT_STANDARD_LIBRARIES = YES;
				ASSETCATALOG_COMPILER_APPICON_NAME = AppIcon;
				CODE_SIGN_STYLE = Automatic;
				DEVELOPMENT_TEAM = C2NJ6URQ6C;
				IBSC_MODULE = BitcoinViewer_WatchKit_Extension;
				INFOPLIST_FILE = "BitcoinViewer WatchKit App/Info.plist";
				PRODUCT_BUNDLE_IDENTIFIER = Test.BitcoinViewer.watchkitapp;
				PRODUCT_NAME = "$(TARGET_NAME)";
				SDKROOT = watchos;
				SKIP_INSTALL = YES;
				SWIFT_VERSION = 4.0;
				TARGETED_DEVICE_FAMILY = 4;
				WATCHOS_DEPLOYMENT_TARGET = 4.3;
			};
			name = Debug;
		};
		EF55C6FA21468A8D00E44F8F /* Release */ = {
			isa = XCBuildConfiguration;
			baseConfigurationReference = BC42237F1F591D788A596E71 /* Pods-BitcoinViewer WatchKit App.release.xcconfig */;
			buildSettings = {
				ALWAYS_EMBED_SWIFT_STANDARD_LIBRARIES = YES;
				ASSETCATALOG_COMPILER_APPICON_NAME = AppIcon;
				CODE_SIGN_STYLE = Automatic;
				DEVELOPMENT_TEAM = C2NJ6URQ6C;
				IBSC_MODULE = BitcoinViewer_WatchKit_Extension;
				INFOPLIST_FILE = "BitcoinViewer WatchKit App/Info.plist";
				PRODUCT_BUNDLE_IDENTIFIER = Test.BitcoinViewer.watchkitapp;
				PRODUCT_NAME = "$(TARGET_NAME)";
				SDKROOT = watchos;
				SKIP_INSTALL = YES;
				SWIFT_VERSION = 4.0;
				TARGETED_DEVICE_FAMILY = 4;
				WATCHOS_DEPLOYMENT_TARGET = 4.3;
			};
			name = Release;
		};
		EF55C6FD21468A8D00E44F8F /* Debug */ = {
			isa = XCBuildConfiguration;
			baseConfigurationReference = 73D30B87374DDBC0905A4D1D /* Pods-BitcoinViewer.debug.xcconfig */;
			buildSettings = {
				ASSETCATALOG_COMPILER_APPICON_NAME = AppIcon;
				CODE_SIGN_STYLE = Automatic;
				DEVELOPMENT_TEAM = C2NJ6URQ6C;
				INFOPLIST_FILE = BitcoinViewer/Info.plist;
				LD_RUNPATH_SEARCH_PATHS = (
					"$(inherited)",
					"@executable_path/Frameworks",
				);
				PRODUCT_BUNDLE_IDENTIFIER = Test.BitcoinViewer;
				PRODUCT_NAME = "$(TARGET_NAME)";
				SWIFT_VERSION = 4.0;
				TARGETED_DEVICE_FAMILY = "1,2";
			};
			name = Debug;
		};
		EF55C6FE21468A8D00E44F8F /* Release */ = {
			isa = XCBuildConfiguration;
			baseConfigurationReference = 08304BAC24612EB1311B6336 /* Pods-BitcoinViewer.release.xcconfig */;
			buildSettings = {
				ASSETCATALOG_COMPILER_APPICON_NAME = AppIcon;
				CODE_SIGN_STYLE = Automatic;
				DEVELOPMENT_TEAM = C2NJ6URQ6C;
				INFOPLIST_FILE = BitcoinViewer/Info.plist;
				LD_RUNPATH_SEARCH_PATHS = (
					"$(inherited)",
					"@executable_path/Frameworks",
				);
				PRODUCT_BUNDLE_IDENTIFIER = Test.BitcoinViewer;
				PRODUCT_NAME = "$(TARGET_NAME)";
				SWIFT_VERSION = 4.0;
				TARGETED_DEVICE_FAMILY = "1,2";
			};
			name = Release;
		};
		EF55C70021468A8D00E44F8F /* Debug */ = {
			isa = XCBuildConfiguration;
			baseConfigurationReference = 17B834CDF4250EE2C2AED4B3 /* Pods-BitcoinViewerTests.debug.xcconfig */;
			buildSettings = {
				ALWAYS_EMBED_SWIFT_STANDARD_LIBRARIES = YES;
				BUNDLE_LOADER = "$(TEST_HOST)";
				CODE_SIGN_STYLE = Automatic;
				DEVELOPMENT_TEAM = C2NJ6URQ6C;
				INFOPLIST_FILE = BitcoinViewerTests/Info.plist;
				LD_RUNPATH_SEARCH_PATHS = (
					"$(inherited)",
					"@executable_path/Frameworks",
					"@loader_path/Frameworks",
				);
				PRODUCT_BUNDLE_IDENTIFIER = Test.BitcoinViewerTests;
				PRODUCT_NAME = "$(TARGET_NAME)";
				SWIFT_VERSION = 4.0;
				TARGETED_DEVICE_FAMILY = "1,2";
				TEST_HOST = "$(BUILT_PRODUCTS_DIR)/BitcoinViewer.app/BitcoinViewer";
			};
			name = Debug;
		};
		EF55C70121468A8D00E44F8F /* Release */ = {
			isa = XCBuildConfiguration;
			baseConfigurationReference = 9EEA6C28FCC5EC85397A5DE9 /* Pods-BitcoinViewerTests.release.xcconfig */;
			buildSettings = {
				ALWAYS_EMBED_SWIFT_STANDARD_LIBRARIES = YES;
				BUNDLE_LOADER = "$(TEST_HOST)";
				CODE_SIGN_STYLE = Automatic;
				DEVELOPMENT_TEAM = C2NJ6URQ6C;
				INFOPLIST_FILE = BitcoinViewerTests/Info.plist;
				LD_RUNPATH_SEARCH_PATHS = (
					"$(inherited)",
					"@executable_path/Frameworks",
					"@loader_path/Frameworks",
				);
				PRODUCT_BUNDLE_IDENTIFIER = Test.BitcoinViewerTests;
				PRODUCT_NAME = "$(TARGET_NAME)";
				SWIFT_VERSION = 4.0;
				TARGETED_DEVICE_FAMILY = "1,2";
				TEST_HOST = "$(BUILT_PRODUCTS_DIR)/BitcoinViewer.app/BitcoinViewer";
			};
			name = Release;
		};
		EF55C70321468A8D00E44F8F /* Debug */ = {
			isa = XCBuildConfiguration;
			baseConfigurationReference = 2421F265953B4FFD47E8395B /* Pods-BitcoinViewerUITests.debug.xcconfig */;
			buildSettings = {
				ALWAYS_EMBED_SWIFT_STANDARD_LIBRARIES = YES;
				CODE_SIGN_STYLE = Automatic;
				DEVELOPMENT_TEAM = C2NJ6URQ6C;
				INFOPLIST_FILE = BitcoinViewerUITests/Info.plist;
				LD_RUNPATH_SEARCH_PATHS = (
					"$(inherited)",
					"@executable_path/Frameworks",
					"@loader_path/Frameworks",
				);
				PRODUCT_BUNDLE_IDENTIFIER = Test.BitcoinViewerUITests;
				PRODUCT_NAME = "$(TARGET_NAME)";
				SWIFT_VERSION = 4.0;
				TARGETED_DEVICE_FAMILY = "1,2";
				TEST_TARGET_NAME = BitcoinViewer;
			};
			name = Debug;
		};
		EF55C70421468A8D00E44F8F /* Release */ = {
			isa = XCBuildConfiguration;
			baseConfigurationReference = CC7DF3160AD2BB34AE532EF7 /* Pods-BitcoinViewerUITests.release.xcconfig */;
			buildSettings = {
				ALWAYS_EMBED_SWIFT_STANDARD_LIBRARIES = YES;
				CODE_SIGN_STYLE = Automatic;
				DEVELOPMENT_TEAM = C2NJ6URQ6C;
				INFOPLIST_FILE = BitcoinViewerUITests/Info.plist;
				LD_RUNPATH_SEARCH_PATHS = (
					"$(inherited)",
					"@executable_path/Frameworks",
					"@loader_path/Frameworks",
				);
				PRODUCT_BUNDLE_IDENTIFIER = Test.BitcoinViewerUITests;
				PRODUCT_NAME = "$(TARGET_NAME)";
				SWIFT_VERSION = 4.0;
				TARGETED_DEVICE_FAMILY = "1,2";
				TEST_TARGET_NAME = BitcoinViewer;
			};
			name = Release;
		};
/* End XCBuildConfiguration section */

/* Begin XCConfigurationList section */
		EF55C6A721468A8600E44F8F /* Build configuration list for PBXProject "BitcoinViewer" */ = {
			isa = XCConfigurationList;
			buildConfigurations = (
				EF55C6F221468A8D00E44F8F /* Debug */,
				EF55C6F321468A8D00E44F8F /* Release */,
			);
			defaultConfigurationIsVisible = 0;
			defaultConfigurationName = Release;
		};
		EF55C6F421468A8D00E44F8F /* Build configuration list for PBXNativeTarget "BitcoinViewer WatchKit Extension" */ = {
			isa = XCConfigurationList;
			buildConfigurations = (
				EF55C6F521468A8D00E44F8F /* Debug */,
				EF55C6F621468A8D00E44F8F /* Release */,
			);
			defaultConfigurationIsVisible = 0;
			defaultConfigurationName = Release;
		};
		EF55C6F821468A8D00E44F8F /* Build configuration list for PBXNativeTarget "BitcoinViewer WatchKit App" */ = {
			isa = XCConfigurationList;
			buildConfigurations = (
				EF55C6F921468A8D00E44F8F /* Debug */,
				EF55C6FA21468A8D00E44F8F /* Release */,
			);
			defaultConfigurationIsVisible = 0;
			defaultConfigurationName = Release;
		};
		EF55C6FC21468A8D00E44F8F /* Build configuration list for PBXNativeTarget "BitcoinViewer" */ = {
			isa = XCConfigurationList;
			buildConfigurations = (
				EF55C6FD21468A8D00E44F8F /* Debug */,
				EF55C6FE21468A8D00E44F8F /* Release */,
			);
			defaultConfigurationIsVisible = 0;
			defaultConfigurationName = Release;
		};
		EF55C6FF21468A8D00E44F8F /* Build configuration list for PBXNativeTarget "BitcoinViewerTests" */ = {
			isa = XCConfigurationList;
			buildConfigurations = (
				EF55C70021468A8D00E44F8F /* Debug */,
				EF55C70121468A8D00E44F8F /* Release */,
			);
			defaultConfigurationIsVisible = 0;
			defaultConfigurationName = Release;
		};
		EF55C70221468A8D00E44F8F /* Build configuration list for PBXNativeTarget "BitcoinViewerUITests" */ = {
			isa = XCConfigurationList;
			buildConfigurations = (
				EF55C70321468A8D00E44F8F /* Debug */,
				EF55C70421468A8D00E44F8F /* Release */,
			);
			defaultConfigurationIsVisible = 0;
			defaultConfigurationName = Release;
		};
/* End XCConfigurationList section */
	};
	rootObject = EF55C6A421468A8600E44F8F /* Project object */;
}
